
Microsoft Visual Studio Solution File, Format Version 12.00
# Visual Studio Version 16
VisualStudioVersion = 16.0.28922.388
MinimumVisualStudioVersion = 10.0.40219.1
Project("{FAE04EC0-301F-11D3-BF4B-00C04F79EFBC}") = "AnyShortener", "AnyShortener\AnyShortener.csproj", "{6862F243-6ECC-459D-88A0-6D6FC06B769D}"
EndProject
Global
	GlobalSection(SolutionConfigurationPlatforms) = preSolution
		Debug|Any CPU = Debug|Any CPU
		Release|Any CPU = Release|Any CPU
	EndGlobalSection
	GlobalSection(ProjectConfigurationPlatforms) = postSolution
		{6862F243-6ECC-459D-88A0-6D6FC06B769D}.Debug|Any CPU.ActiveCfg = Debug|Any CPU
		{6862F243-6ECC-459D-88A0-6D6FC06B769D}.Debug|Any CPU.Build.0 = Debug|Any CPU
		{6862F243-6ECC-459D-88A0-6D6FC06B769D}.Release|Any CPU.ActiveCfg = Release|Any CPU
		{6862F243-6ECC-459D-88A0-6D6FC06B769D}.Release|Any CPU.Build.0 = Release|Any CPU
	EndGlobalSection
	GlobalSection(SolutionProperties) = preSolution
		HideSolutionNode = FALSE
	EndGlobalSection
	GlobalSection(ExtensibilityGlobals) = postSolution
		SolutionGuid = {CAAEFA7F-FB02-4247-9CF9-8C86F0D9F3BE}
	EndGlobalSection
EndGlobal
